
Microsoft Visual Studio Solution File, Format Version 12.00
# Visual Studio Version 16
VisualStudioVersion = 16.0.28729.10
MinimumVisualStudioVersion = 10.0.40219.1
Project("{FAE04EC0-301F-11D3-BF4B-00C04F79EFBC}") = "AnyCAD.CAM.Data", "AnyCAD.CAM.Data\AnyCAD.CAM.Data.csproj", "{436B905D-0282-4B47-BC0E-E8062E027C18}"
EndProject
Project("{2150E333-8FDC-42A3-9474-1A3956D46DE8}") = "CAM", "CAM", "{D227E286-39CC-4DC7-90C0-EA287C244BC3}"
EndProject
Project("{FAE04EC0-301F-11D3-BF4B-00C04F79EFBC}") = "TheCAM", "TheCAM\TheCAM.csproj", "{54982916-4ED3-4C0B-A09A-612BD5D14EB8}"
EndProject
Project("{FAE04EC0-301F-11D3-BF4B-00C04F79EFBC}") = "AnyCAD.CAM.View", "AnyCAD.CAM.View\AnyCAD.CAM.View.csproj", "{E73D62A4-9E5D-4785-B7D7-834633E624A1}"
EndProject
Project("{FAE04EC0-301F-11D3-BF4B-00C04F79EFBC}") = "AnyCAD.CAM.UI", "AnyCAD.CAM.UI\AnyCAD.CAM.UI.csproj", "{BA89F20C-A162-4946-A6EB-C083D391DC43}"
EndProject
Project("{2150E333-8FDC-42A3-9474-1A3956D46DE8}") = "Core", "Core", "{1CEA2A8E-FA5A-4142-BA3A-BBCFBA3520E7}"
EndProject
Global
	GlobalSection(SolutionConfigurationPlatforms) = preSolution
		Debug|Any CPU = Debug|Any CPU
		Debug|Mixed Platforms = Debug|Mixed Platforms
		Debug|x64 = Debug|x64
		Release|Any CPU = Release|Any CPU
		Release|Mixed Platforms = Release|Mixed Platforms
		Release|x64 = Release|x64
	EndGlobalSection
	GlobalSection(ProjectConfigurationPlatforms) = postSolution
		{436B905D-0282-4B47-BC0E-E8062E027C18}.Debug|Any CPU.ActiveCfg = Debug|Any CPU
		{436B905D-0282-4B47-BC0E-E8062E027C18}.Debug|Any CPU.Build.0 = Debug|Any CPU
		{436B905D-0282-4B47-BC0E-E8062E027C18}.Debug|Mixed Platforms.ActiveCfg = Debug|Any CPU
		{436B905D-0282-4B47-BC0E-E8062E027C18}.Debug|Mixed Platforms.Build.0 = Debug|Any CPU
		{436B905D-0282-4B47-BC0E-E8062E027C18}.Debug|x64.ActiveCfg = Debug|Any CPU
		{436B905D-0282-4B47-BC0E-E8062E027C18}.Debug|x64.Build.0 = Debug|Any CPU
		{436B905D-0282-4B47-BC0E-E8062E027C18}.Release|Any CPU.ActiveCfg = Release|Any CPU
		{436B905D-0282-4B47-BC0E-E8062E027C18}.Release|Any CPU.Build.0 = Release|Any CPU
		{436B905D-0282-4B47-BC0E-E8062E027C18}.Release|Mixed Platforms.ActiveCfg = Release|Any CPU
		{436B905D-0282-4B47-BC0E-E8062E027C18}.Release|Mixed Platforms.Build.0 = Release|Any CPU
		{436B905D-0282-4B47-BC0E-E8062E027C18}.Release|x64.ActiveCfg = Release|Any CPU
		{436B905D-0282-4B47-BC0E-E8062E027C18}.Release|x64.Build.0 = Release|Any CPU
		{54982916-4ED3-4C0B-A09A-612BD5D14EB8}.Debug|Any CPU.ActiveCfg = Debug|Any CPU
		{54982916-4ED3-4C0B-A09A-612BD5D14EB8}.Debug|Any CPU.Build.0 = Debug|Any CPU
		{54982916-4ED3-4C0B-A09A-612BD5D14EB8}.Debug|Mixed Platforms.ActiveCfg = Debug|Any CPU
		{54982916-4ED3-4C0B-A09A-612BD5D14EB8}.Debug|Mixed Platforms.Build.0 = Debug|Any CPU
		{54982916-4ED3-4C0B-A09A-612BD5D14EB8}.Debug|x64.ActiveCfg = Debug|Any CPU
		{54982916-4ED3-4C0B-A09A-612BD5D14EB8}.Debug|x64.Build.0 = Debug|Any CPU
		{54982916-4ED3-4C0B-A09A-612BD5D14EB8}.Release|Any CPU.ActiveCfg = Release|Any CPU
		{54982916-4ED3-4C0B-A09A-612BD5D14EB8}.Release|Any CPU.Build.0 = Release|Any CPU
		{54982916-4ED3-4C0B-A09A-612BD5D14EB8}.Release|Mixed Platforms.ActiveCfg = Release|Any CPU
		{54982916-4ED3-4C0B-A09A-612BD5D14EB8}.Release|Mixed Platforms.Build.0 = Release|Any CPU
		{54982916-4ED3-4C0B-A09A-612BD5D14EB8}.Release|x64.ActiveCfg = Release|Any CPU
		{54982916-4ED3-4C0B-A09A-612BD5D14EB8}.Release|x64.Build.0 = Release|Any CPU
		{E73D62A4-9E5D-4785-B7D7-834633E624A1}.Debug|Any CPU.ActiveCfg = Debug|Any CPU
		{E73D62A4-9E5D-4785-B7D7-834633E624A1}.Debug|Any CPU.Build.0 = Debug|Any CPU
		{E73D62A4-9E5D-4785-B7D7-834633E624A1}.Debug|Mixed Platforms.ActiveCfg = Debug|Any CPU
		{E73D62A4-9E5D-4785-B7D7-834633E624A1}.Debug|Mixed Platforms.Build.0 = Debug|Any CPU
		{E73D62A4-9E5D-4785-B7D7-834633E624A1}.Debug|x64.ActiveCfg = Debug|Any CPU
		{E73D62A4-9E5D-4785-B7D7-834633E624A1}.Debug|x64.Build.0 = Debug|Any CPU
		{E73D62A4-9E5D-4785-B7D7-834633E624A1}.Release|Any CPU.ActiveCfg = Release|Any CPU
		{E73D62A4-9E5D-4785-B7D7-834633E624A1}.Release|Any CPU.Build.0 = Release|Any CPU
		{E73D62A4-9E5D-4785-B7D7-834633E624A1}.Release|Mixed Platforms.ActiveCfg = Release|Any CPU
		{E73D62A4-9E5D-4785-B7D7-834633E624A1}.Release|Mixed Platforms.Build.0 = Release|Any CPU
		{E73D62A4-9E5D-4785-B7D7-834633E624A1}.Release|x64.ActiveCfg = Release|Any CPU
		{E73D62A4-9E5D-4785-B7D7-834633E624A1}.Release|x64.Build.0 = Release|Any CPU
		{BA89F20C-A162-4946-A6EB-C083D391DC43}.Debug|Any CPU.ActiveCfg = Debug|Any CPU
		{BA89F20C-A162-4946-A6EB-C083D391DC43}.Debug|Any CPU.Build.0 = Debug|Any CPU
		{BA89F20C-A162-4946-A6EB-C083D391DC43}.Debug|Mixed Platforms.ActiveCfg = Debug|Any CPU
		{BA89F20C-A162-4946-A6EB-C083D391DC43}.Debug|Mixed Platforms.Build.0 = Debug|Any CPU
		{BA89F20C-A162-4946-A6EB-C083D391DC43}.Debug|x64.ActiveCfg = Debug|Any CPU
		{BA89F20C-A162-4946-A6EB-C083D391DC43}.Debug|x64.Build.0 = Debug|Any CPU
		{BA89F20C-A162-4946-A6EB-C083D391DC43}.Release|Any CPU.ActiveCfg = Release|Any CPU
		{BA89F20C-A162-4946-A6EB-C083D391DC43}.Release|Any CPU.Build.0 = Release|Any CPU
		{BA89F20C-A162-4946-A6EB-C083D391DC43}.Release|Mixed Platforms.ActiveCfg = Release|Any CPU
		{BA89F20C-A162-4946-A6EB-C083D391DC43}.Release|Mixed Platforms.Build.0 = Release|Any CPU
		{BA89F20C-A162-4946-A6EB-C083D391DC43}.Release|x64.ActiveCfg = Release|Any CPU
		{BA89F20C-A162-4946-A6EB-C083D391DC43}.Release|x64.Build.0 = Release|Any CPU
	EndGlobalSection
	GlobalSection(SolutionProperties) = preSolution
		HideSolutionNode = FALSE
	EndGlobalSection
	GlobalSection(NestedProjects) = preSolution
		{436B905D-0282-4B47-BC0E-E8062E027C18} = {1CEA2A8E-FA5A-4142-BA3A-BBCFBA3520E7}
		{54982916-4ED3-4C0B-A09A-612BD5D14EB8} = {D227E286-39CC-4DC7-90C0-EA287C244BC3}
		{E73D62A4-9E5D-4785-B7D7-834633E624A1} = {1CEA2A8E-FA5A-4142-BA3A-BBCFBA3520E7}
		{BA89F20C-A162-4946-A6EB-C083D391DC43} = {1CEA2A8E-FA5A-4142-BA3A-BBCFBA3520E7}
	EndGlobalSection
	GlobalSection(ExtensibilityGlobals) = postSolution
		SolutionGuid = {2DC5D7F9-745F-4A7A-AFA2-7EBD439889DD}
	EndGlobalSection
	GlobalSection(TestCaseManagementSettings) = postSolution
		CategoryFile = AnyCAM.vsmdi
	EndGlobalSection
EndGlobal
